lockfileVersion: 5.3

specifiers:
  '@types/three': ^0.138.0
  three: ^0.138.3
  typescript: ^4.6.2

dependencies:
  '@types/three': 0.138.0
  three: 0.138.3
  typescript: 4.6.2

packages:

  /@types/three/0.138.0:
    resolution: {integrity: sha512-D8AoV7h2kbCfrv/DcebHOFh1WDwyus3HdooBkAwcBikXArdqnsQ38PQ85JCunnvun160oA9jz53GszF3zch3tg==}
    dev: false

  /three/0.138.3:
    resolution: {integrity: sha512-4t1cKC8gimNyJChJbaklg8W/qj3PpsLJUIFm5LIuAy/hVxxNm1ru2FGTSfbTSsuHmC/7ipsyuGKqrSAKLNtkzg==}
    dev: false

  /typescript/4.6.2:
    resolution: {integrity: sha512-HM/hFigTBHZhLXshn9sN37H085+hQGeJHJ/X7LpBWLID/fbc2acUMfU+lGD98X81sKP+pFa9f0DZmCwB9GnbAg==}
    engines: {node: '>=4.2.0'}
    hasBin: true
    dev: false
